
Microsoft Visual Studio Solution File, Format Version 12.00
# Visual Studio 15
VisualStudioVersion = 15.0.26730.12
MinimumVisualStudioVersion = 10.0.40219.1
Project("{FAE04EC0-301F-11D3-BF4B-00C04F79EFBC}") = "Lesson8Project", "Lesson8Project\Lesson8Project.csproj", "{A8174B5B-750C-4B64-9809-5A52ABAA78BB}"
EndProject
Project("{FAE04EC0-301F-11D3-BF4B-00C04F79EFBC}") = "Lesson8.Dal", "Lesson8.Dal\Lesson8.Dal.csproj", "{B03B8DCE-CF50-4CA1-8CD3-716E4FE0749E}"
EndProject
Project("{FAE04EC0-301F-11D3-BF4B-00C04F79EFBC}") = "Lesson8.Test", "Lesson8.Test\Lesson8.Test.csproj", "{45678C65-07A8-4806-A8B9-7E1BF64C6A59}"
EndProject
Global
	GlobalSection(SolutionConfigurationPlatforms) = preSolution
		Debug|Any CPU = Debug|Any CPU
		Release|Any CPU = Release|Any CPU
	EndGlobalSection
	GlobalSection(ProjectConfigurationPlatforms) = postSolution
		{A8174B5B-750C-4B64-9809-5A52ABAA78BB}.Debug|Any CPU.ActiveCfg = Debug|Any CPU
		{A8174B5B-750C-4B64-9809-5A52ABAA78BB}.Debug|Any CPU.Build.0 = Debug|Any CPU
		{A8174B5B-750C-4B64-9809-5A52ABAA78BB}.Release|Any CPU.ActiveCfg = Release|Any CPU
		{A8174B5B-750C-4B64-9809-5A52ABAA78BB}.Release|Any CPU.Build.0 = Release|Any CPU
		{B03B8DCE-CF50-4CA1-8CD3-716E4FE0749E}.Debug|Any CPU.ActiveCfg = Debug|Any CPU
		{B03B8DCE-CF50-4CA1-8CD3-716E4FE0749E}.Debug|Any CPU.Build.0 = Debug|Any CPU
		{B03B8DCE-CF50-4CA1-8CD3-716E4FE0749E}.Release|Any CPU.ActiveCfg = Release|Any CPU
		{B03B8DCE-CF50-4CA1-8CD3-716E4FE0749E}.Release|Any CPU.Build.0 = Release|Any CPU
		{45678C65-07A8-4806-A8B9-7E1BF64C6A59}.Debug|Any CPU.ActiveCfg = Debug|Any CPU
		{45678C65-07A8-4806-A8B9-7E1BF64C6A59}.Debug|Any CPU.Build.0 = Debug|Any CPU
		{45678C65-07A8-4806-A8B9-7E1BF64C6A59}.Release|Any CPU.ActiveCfg = Release|Any CPU
		{45678C65-07A8-4806-A8B9-7E1BF64C6A59}.Release|Any CPU.Build.0 = Release|Any CPU
	EndGlobalSection
	GlobalSection(SolutionProperties) = preSolution
		HideSolutionNode = FALSE
	EndGlobalSection
	GlobalSection(ExtensibilityGlobals) = postSolution
		SolutionGuid = {9CD08280-1DE5-44F3-93BD-F74E55641377}
	EndGlobalSection
EndGlobal
