
Microsoft Visual Studio Solution File, Format Version 12.00
# Visual Studio 15
VisualStudioVersion = 15.0.26730.12
MinimumVisualStudioVersion = 10.0.40219.1
Project("{F184B08F-C81C-45F6-A57F-5ABD9991F28F}") = "SpringBreakTravelSpecials", "SpringBreakTravelSpecials.vbproj", "{401CF573-6339-416A-BDFC-50BD633E50BA}"
EndProject
Global
	GlobalSection(SolutionConfigurationPlatforms) = preSolution
		Debug|Any CPU = Debug|Any CPU
		Release|Any CPU = Release|Any CPU
	EndGlobalSection
	GlobalSection(ProjectConfigurationPlatforms) = postSolution
		{401CF573-6339-416A-BDFC-50BD633E50BA}.Debug|Any CPU.ActiveCfg = Debug|Any CPU
		{401CF573-6339-416A-BDFC-50BD633E50BA}.Debug|Any CPU.Build.0 = Debug|Any CPU
		{401CF573-6339-416A-BDFC-50BD633E50BA}.Release|Any CPU.ActiveCfg = Release|Any CPU
		{401CF573-6339-416A-BDFC-50BD633E50BA}.Release|Any CPU.Build.0 = Release|Any CPU
	EndGlobalSection
	GlobalSection(SolutionProperties) = preSolution
		HideSolutionNode = FALSE
	EndGlobalSection
	GlobalSection(ExtensibilityGlobals) = postSolution
		SolutionGuid = {CBA861D2-46C9-4F8C-860D-252CA2EDA95A}
	EndGlobalSection
EndGlobal
