
Microsoft Visual Studio Solution File, Format Version 12.00
# Visual Studio 15
VisualStudioVersion = 15.0.27004.2008
MinimumVisualStudioVersion = 10.0.40219.1
Project("{F184B08F-C81C-45F6-A57F-5ABD9991F28F}") = "MiniCooperDealership", "MiniCooperDealership.vbproj", "{9C994CC2-0739-4E5C-9718-159FA7F5A1CC}"
EndProject
Global
	GlobalSection(SolutionConfigurationPlatforms) = preSolution
		Debug|Any CPU = Debug|Any CPU
		Release|Any CPU = Release|Any CPU
	EndGlobalSection
	GlobalSection(ProjectConfigurationPlatforms) = postSolution
		{9C994CC2-0739-4E5C-9718-159FA7F5A1CC}.Debug|Any CPU.ActiveCfg = Debug|Any CPU
		{9C994CC2-0739-4E5C-9718-159FA7F5A1CC}.Debug|Any CPU.Build.0 = Debug|Any CPU
		{9C994CC2-0739-4E5C-9718-159FA7F5A1CC}.Release|Any CPU.ActiveCfg = Release|Any CPU
		{9C994CC2-0739-4E5C-9718-159FA7F5A1CC}.Release|Any CPU.Build.0 = Release|Any CPU
	EndGlobalSection
	GlobalSection(SolutionProperties) = preSolution
		HideSolutionNode = FALSE
	EndGlobalSection
	GlobalSection(ExtensibilityGlobals) = postSolution
		SolutionGuid = {8DF78C75-659B-465B-8A8F-28185E3C162E}
	EndGlobalSection
EndGlobal
