
Microsoft Visual Studio Solution File, Format Version 12.00
# Visual Studio 15
VisualStudioVersion = 15.0.26730.12
MinimumVisualStudioVersion = 10.0.40219.1
Project("{F184B08F-C81C-45F6-A57F-5ABD9991F28F}") = "BurgerSpecials", "BurgerSpecials\BurgerSpecials.vbproj", "{2F7130C8-BA10-4D88-A4D7-D3D5A00D0FBF}"
EndProject
Global
	GlobalSection(SolutionConfigurationPlatforms) = preSolution
		Debug|Any CPU = Debug|Any CPU
		Release|Any CPU = Release|Any CPU
	EndGlobalSection
	GlobalSection(ProjectConfigurationPlatforms) = postSolution
		{2F7130C8-BA10-4D88-A4D7-D3D5A00D0FBF}.Debug|Any CPU.ActiveCfg = Debug|Any CPU
		{2F7130C8-BA10-4D88-A4D7-D3D5A00D0FBF}.Debug|Any CPU.Build.0 = Debug|Any CPU
		{2F7130C8-BA10-4D88-A4D7-D3D5A00D0FBF}.Release|Any CPU.ActiveCfg = Release|Any CPU
		{2F7130C8-BA10-4D88-A4D7-D3D5A00D0FBF}.Release|Any CPU.Build.0 = Release|Any CPU
	EndGlobalSection
	GlobalSection(SolutionProperties) = preSolution
		HideSolutionNode = FALSE
	EndGlobalSection
	GlobalSection(ExtensibilityGlobals) = postSolution
		SolutionGuid = {312AC22B-F48D-46D5-8569-DAE1994F68E1}
	EndGlobalSection
EndGlobal
