
Microsoft Visual Studio Solution File, Format Version 12.00
# Visual Studio 15
VisualStudioVersion = 15.0.26730.12
MinimumVisualStudioVersion = 10.0.40219.1
Project("{FAE04EC0-301F-11D3-BF4B-00C04F79EFBC}") = "Project6", "Project6\Project6.csproj", "{CAF9959E-6E72-4F41-AC1D-B4902096B91A}"
EndProject
Global
	GlobalSection(SolutionConfigurationPlatforms) = preSolution
		Debug|Any CPU = Debug|Any CPU
		Release|Any CPU = Release|Any CPU
	EndGlobalSection
	GlobalSection(ProjectConfigurationPlatforms) = postSolution
		{CAF9959E-6E72-4F41-AC1D-B4902096B91A}.Debug|Any CPU.ActiveCfg = Debug|Any CPU
		{CAF9959E-6E72-4F41-AC1D-B4902096B91A}.Debug|Any CPU.Build.0 = Debug|Any CPU
		{CAF9959E-6E72-4F41-AC1D-B4902096B91A}.Release|Any CPU.ActiveCfg = Release|Any CPU
		{CAF9959E-6E72-4F41-AC1D-B4902096B91A}.Release|Any CPU.Build.0 = Release|Any CPU
	EndGlobalSection
	GlobalSection(SolutionProperties) = preSolution
		HideSolutionNode = FALSE
	EndGlobalSection
	GlobalSection(ExtensibilityGlobals) = postSolution
		SolutionGuid = {EE3835A2-6771-4BA9-B476-4C0C48EB3573}
	EndGlobalSection
EndGlobal
